{
    "name": "cf-email-worker",
    "version": "1.0.0",
    "lockfileVersion": 3,
    "requires": true,
    "packages": {
        "": {
            "name": "cf-email-worker",
            "version": "1.0.0",
            "dependencies": {
                "postal-mime": "^2.1.5"
            }
        },
        "node_modules/postal-mime": {
            "version": "2.4.4",
            "resolved": "https://registry.npmjs.org/postal-mime/-/postal-mime-2.4.4.tgz",
            "integrity": "sha512-LDaFIsmGO+uNnPu28H52cubuHrovfewviU8Y8p+KgIKGVF871t/IQxzlO8QwhJMiG0ih2Lk2jTL3aGVoNz3NZQ==",
            "license": "MIT-0"
        }
    }
}
